{
  "name": "careerforge",
  "version": "0.1.0",
  "lockfileVersion": 3,
  "requires": true,
  "packages": {
    "": {
      "name": "careerforge",
      "version": "0.1.0",
      "workspaces": [
        "apps/*",
        "packages/*"
      ],
      "devDependencies": {
        "@types/node": "^22.13.0",
        "prettier": "^3.5.0",
        "turbo": "^2.4.4",
        "typescript": "^5.7.3"
      }
    },
    "apps/api": {
      "name": "@careerforge/api",
      "version": "0.1.0"
    },
    "apps/web": {
      "name": "@careerforge/web",
      "version": "0.1.0"
    },
    "node_modules/@careerforge/api": {
      "resolved": "apps/api",
      "link": true
    },
    "node_modules/@careerforge/config": {
      "resolved": "packages/config",
      "link": true
    },
    "node_modules/@careerforge/types": {
      "resolved": "packages/types",
      "link": true
    },
    "node_modules/@careerforge/ui": {
      "resolved": "packages/ui",
      "link": true
    },
    "node_modules/@careerforge/validation": {
      "resolved": "packages/validation",
      "link": true
    },
    "node_modules/@careerforge/web": {
      "resolved": "apps/web",
      "link": true
    },
    "node_modules/@turbo/darwin-64": {
      "version": "2.10.12",
      "resolved": "https://registry.npmjs.org/@turbo/darwin-64/-/darwin-64-2.10.12.tgz",
      "integrity": "sha512-9nKgKoF6ZOUsM+or0OtNf+TTJSfGvDNP7ZFv/ZGWVwOSCkumyctQiTeHwB4UNljHTnC41AqylgbunLDHoccNrA==",
      "cpu": [
        "x64"
      ],
      "dev": true,
      "license": "MIT",
      "optional": true,
      "os": [
        "darwin"
      ]
    },
    "node_modules/@turbo/darwin-arm64": {
      "version": "2.10.12",
      "resolved": "https://registry.npmjs.org/@turbo/darwin-arm64/-/darwin-arm64-2.10.12.tgz",
      "integrity": "sha512-H4Elb1jqTZVeIC9bbcNwjSzemZ6RegoTOVHeuV5Osirt2Z8UguTyisMEkvZjPVZgMeN9J4ERZBFad40tFnkb7w==",
      "cpu": [
        "arm64"
      ],
      "dev": true,
      "license": "MIT",
      "optional": true,
      "os": [
        "darwin"
      ]
    },
    "node_modules/@turbo/linux-64": {
      "version": "2.10.12",
      "resolved": "https://registry.npmjs.org/@turbo/linux-64/-/linux-64-2.10.12.tgz",
      "integrity": "sha512-lr7KIotukvjZwEXiFSYAeOH3BWzjFVBbSzTbv0fuGFsNukYyH0+g1hB5ecqnJkgkYU+KHEMG1edOhnjiKON1wQ==",
      "cpu": [
        "x64"
      ],
      "dev": true,
      "license": "MIT",
      "optional": true,
      "os": [
        "android",
        "linux"
      ]
    },
    "node_modules/@turbo/linux-arm64": {
      "version": "2.10.12",
      "resolved": "https://registry.npmjs.org/@turbo/linux-arm64/-/linux-arm64-2.10.12.tgz",
      "integrity": "sha512-f0pZDTtvzB5SuNwuXBaKbZHUCMCukgc8nMlHEuvLmj91Fzec+MEbr3cAvGNor5htEDqZnO6Lxt9N/GPI/77oGA==",
      "cpu": [
        "arm64"
      ],
      "dev": true,
      "license": "MIT",
      "optional": true,
      "os": [
        "android",
        "linux"
      ]
    },
    "node_modules/@turbo/windows-64": {
      "version": "2.10.12",
      "resolved": "https://registry.npmjs.org/@turbo/windows-64/-/windows-64-2.10.12.tgz",
      "integrity": "sha512-SDOueJRjS/QcykWf2KCRtTLmIl5YMKsLbXkXQGhDwcTXvKXZiS5ih5lBl/gkwZIpYFjqA/rAlfMzlAFcVHNe0g==",
      "cpu": [
        "x64"
      ],
      "dev": true,
      "license": "MIT",
      "optional": true,
      "os": [
        "win32"
      ]
    },
    "node_modules/@turbo/windows-arm64": {
      "version": "2.10.12",
      "resolved": "https://registry.npmjs.org/@turbo/windows-arm64/-/windows-arm64-2.10.12.tgz",
      "integrity": "sha512-0i0mVUa4kKk+/B3RwEwPMf9CB+T7ul56hn5FFHNA4VUNTOoLBEd6aNf3FaKfCatDNZ6cicCEf6if9QUTVyzzcA==",
      "cpu": [
        "arm64"
      ],
      "dev": true,
      "license": "MIT",
      "optional": true,
      "os": [
        "win32"
      ]
    },
    "node_modules/@types/node": {
      "version": "22.20.1",
      "resolved": "https://registry.npmjs.org/@types/node/-/node-22.20.1.tgz",
      "integrity": "sha512-EANqOCF9QFyra+4pfxUcX9STKJpCLjMbObVzljIJomAWSnuSIEAvyzEU53GaajbXJEgdh0iEcPL+DGvpUd4k1Q==",
      "dev": true,
      "license": "MIT",
      "dependencies": {
        "undici-types": "~6.21.0"
      }
    },
    "node_modules/prettier": {
      "version": "3.9.6",
      "resolved": "https://registry.npmjs.org/prettier/-/prettier-3.9.6.tgz",
      "integrity": "sha512-OpN0zzVdiaiAhxpuuj5efpIS4sY9j7bY6uR5mnj5yPzGkdkjNKSJeUThPb60Jw29QuAZgA4o+/iB49kFiaBX6g==",
      "dev": true,
      "license": "MIT",
      "bin": {
        "prettier": "bin/prettier.cjs"
      },
      "engines": {
        "node": ">=14"
      },
      "funding": {
        "url": "https://github.com/prettier/prettier?sponsor=1"
      }
    },
    "node_modules/turbo": {
      "version": "2.10.12",
      "resolved": "https://registry.npmjs.org/turbo/-/turbo-2.10.12.tgz",
      "integrity": "sha512-AswgMPnpOoaVZHrrSBejETzEbuIA69OVGwfkHwfrY0A23VjWXBANzgq9+OymWOHAIArB7D1+1z498WY8fGg1Jw==",
      "dev": true,
      "license": "MIT",
      "bin": {
        "turbo": "bin/turbo"
      },
      "optionalDependencies": {
        "@turbo/darwin-64": "2.10.12",
        "@turbo/darwin-arm64": "2.10.12",
        "@turbo/linux-64": "2.10.12",
        "@turbo/linux-arm64": "2.10.12",
        "@turbo/windows-64": "2.10.12",
        "@turbo/windows-arm64": "2.10.12"
      }
    },
    "node_modules/typescript": {
      "version": "5.9.3",
      "resolved": "https://registry.npmjs.org/typescript/-/typescript-5.9.3.tgz",
      "integrity": "sha512-jl1vZzPDinLr9eUt3J/t7V6FgNEw9QjvBPdysz9KfQDD41fQrC2Y4vKQdiaUpFT4bXlb1RHhLpp8wtm6M5TgSw==",
      "dev": true,
      "license": "Apache-2.0",
      "bin": {
        "tsc": "bin/tsc",
        "tsserver": "bin/tsserver"
      },
      "engines": {
        "node": ">=14.17"
      }
    },
    "node_modules/undici-types": {
      "version": "6.21.0",
      "resolved": "https://registry.npmjs.org/undici-types/-/undici-types-6.21.0.tgz",
      "integrity": "sha512-iwDZqg0QAGrg9Rav5H4n0M64c3mkR59cJ6wQp+7C4nI0gsmExaedaYLNO44eT4AtBBwjbTiGPMlt2Md0T9H9JQ==",
      "dev": true,
      "license": "MIT"
    },
    "packages/config": {
      "name": "@careerforge/config",
      "version": "0.1.0"
    },
    "packages/types": {
      "name": "@careerforge/types",
      "version": "0.1.0",
      "devDependencies": {
        "@careerforge/config": "*"
      }
    },
    "packages/ui": {
      "name": "@careerforge/ui",
      "version": "0.1.0"
    },
    "packages/validation": {
      "name": "@careerforge/validation",
      "version": "0.1.0",
      "devDependencies": {
        "@careerforge/config": "*"
      }
    }
  }
}
